
Microsoft Visual Studio Solution File, Format Version 12.00
# Visual Studio 15
Project("{FAE04EC0-301F-11D3-BF4B-00C04F79EFBC}") = "Module2_Assignment2", "Module2_Assignment2\Module2_Assignment2.csproj", "{BF4FE525-61DA-4354-BC12-96B1CFBE01BC}"
EndProject
Global
	GlobalSection(SolutionConfigurationPlatforms) = preSolution
		Debug|Any CPU = Debug|Any CPU
		Release|Any CPU = Release|Any CPU
	EndGlobalSection
	GlobalSection(ProjectConfigurationPlatforms) = postSolution
		{BF4FE525-61DA-4354-BC12-96B1CFBE01BC}.Debug|Any CPU.ActiveCfg = Debug|Any CPU
		{BF4FE525-61DA-4354-BC12-96B1CFBE01BC}.Debug|Any CPU.Build.0 = Debug|Any CPU
		{BF4FE525-61DA-4354-BC12-96B1CFBE01BC}.Release|Any CPU.ActiveCfg = Release|Any CPU
		{BF4FE525-61DA-4354-BC12-96B1CFBE01BC}.Release|Any CPU.Build.0 = Release|Any CPU
	EndGlobalSection
EndGlobal
